
Microsoft Visual Studio Solution File, Format Version 12.00
# Visual Studio Version 17
VisualStudioVersion = 17.14.36109.1 d17.14
MinimumVisualStudioVersion = 10.0.40219.1
Project("{00D1A9C2-B5F0-4AF3-8072-F6C62B433612}") = "dbmarket", "dbmarket\dbmarket.sqlproj", "{C5F43625-5AAF-444B-8783-8A662EC18C8A}"
EndProject
Global
	GlobalSection(SolutionConfigurationPlatforms) = preSolution
		Debug|Any CPU = Debug|Any CPU
		Release|Any CPU = Release|Any CPU
	EndGlobalSection
	GlobalSection(ProjectConfigurationPlatforms) = postSolution
		{C5F43625-5AAF-444B-8783-8A662EC18C8A}.Debug|Any CPU.ActiveCfg = Debug|Any CPU
		{C5F43625-5AAF-444B-8783-8A662EC18C8A}.Debug|Any CPU.Build.0 = Debug|Any CPU
		{C5F43625-5AAF-444B-8783-8A662EC18C8A}.Debug|Any CPU.Deploy.0 = Debug|Any CPU
		{C5F43625-5AAF-444B-8783-8A662EC18C8A}.Release|Any CPU.ActiveCfg = Release|Any CPU
		{C5F43625-5AAF-444B-8783-8A662EC18C8A}.Release|Any CPU.Build.0 = Release|Any CPU
		{C5F43625-5AAF-444B-8783-8A662EC18C8A}.Release|Any CPU.Deploy.0 = Release|Any CPU
	EndGlobalSection
	GlobalSection(SolutionProperties) = preSolution
		HideSolutionNode = FALSE
	EndGlobalSection
	GlobalSection(ExtensibilityGlobals) = postSolution
		SolutionGuid = {41C795F4-0ABD-4795-89E5-3FC3B4B28D1F}
	EndGlobalSection
EndGlobal
